
Microsoft Visual Studio Solution File, Format Version 12.00
# Visual Studio Version 17
VisualStudioVersion = 17.14.36518.9
MinimumVisualStudioVersion = 10.0.40219.1
Project("{FAE04EC0-301F-11D3-BF4B-00C04F79EFBC}") = "Password Manager", "Password Manager.csproj", "{FC8E5C02-CEDB-4015-B9B6-5D92F20CDC33}"
EndProject
Project("{FAE04EC0-301F-11D3-BF4B-00C04F79EFBC}") = "Password_Manager_Data_Layer", "Password_Manager_Data_Layer\Password_Manager_Data_Layer.csproj", "{04566026-F02F-40DA-896A-738D428DB77D}"
EndProject
Project("{FAE04EC0-301F-11D3-BF4B-00C04F79EFBC}") = "Password_Manager_Business_Layer", "Password_Manager_Business_Layer\Password_Manager_Business_Layer.csproj", "{CD1DE405-61BC-43C6-9598-A5C54CE614DA}"
EndProject
Global
	GlobalSection(SolutionConfigurationPlatforms) = preSolution
		Debug|Any CPU = Debug|Any CPU
		Release|Any CPU = Release|Any CPU
	EndGlobalSection
	GlobalSection(ProjectConfigurationPlatforms) = postSolution
		{FC8E5C02-CEDB-4015-B9B6-5D92F20CDC33}.Debug|Any CPU.ActiveCfg = Debug|Any CPU
		{FC8E5C02-CEDB-4015-B9B6-5D92F20CDC33}.Debug|Any CPU.Build.0 = Debug|Any CPU
		{FC8E5C02-CEDB-4015-B9B6-5D92F20CDC33}.Release|Any CPU.ActiveCfg = Release|Any CPU
		{FC8E5C02-CEDB-4015-B9B6-5D92F20CDC33}.Release|Any CPU.Build.0 = Release|Any CPU
		{04566026-F02F-40DA-896A-738D428DB77D}.Debug|Any CPU.ActiveCfg = Debug|Any CPU
		{04566026-F02F-40DA-896A-738D428DB77D}.Debug|Any CPU.Build.0 = Debug|Any CPU
		{04566026-F02F-40DA-896A-738D428DB77D}.Release|Any CPU.ActiveCfg = Release|Any CPU
		{04566026-F02F-40DA-896A-738D428DB77D}.Release|Any CPU.Build.0 = Release|Any CPU
		{CD1DE405-61BC-43C6-9598-A5C54CE614DA}.Debug|Any CPU.ActiveCfg = Debug|Any CPU
		{CD1DE405-61BC-43C6-9598-A5C54CE614DA}.Debug|Any CPU.Build.0 = Debug|Any CPU
		{CD1DE405-61BC-43C6-9598-A5C54CE614DA}.Release|Any CPU.ActiveCfg = Release|Any CPU
		{CD1DE405-61BC-43C6-9598-A5C54CE614DA}.Release|Any CPU.Build.0 = Release|Any CPU
	EndGlobalSection
	GlobalSection(SolutionProperties) = preSolution
		HideSolutionNode = FALSE
	EndGlobalSection
	GlobalSection(ExtensibilityGlobals) = postSolution
		SolutionGuid = {BB32B47D-5457-4E1B-96C3-D7C37C76D75E}
	EndGlobalSection
EndGlobal
